{
  "name": "agenticow-swarm-memory",
  "version": "1.0.0",
  "lockfileVersion": 3,
  "requires": true,
  "packages": {
    "": {
      "name": "agenticow-swarm-memory",
      "version": "1.0.0",
      "dependencies": {
        "agenticow": "^0.2.4"
      }
    },
    "node_modules/@ruvector/rvf-node": {
      "version": "0.2.0",
      "resolved": "https://registry.npmjs.org/@ruvector/rvf-node/-/rvf-node-0.2.0.tgz",
      "integrity": "sha512-9BxoECGiQ7ttj6V0ClLK83DLxaxraRRWzIt06IgETUxTYdqGQ3MZgacEBn7vWRecTK8X9/LrZrIOmNcQZx6OuA==",
      "license": "MIT",
      "engines": {
        "node": ">= 16"
      },
      "optionalDependencies": {
        "@ruvector/rvf-node-darwin-arm64": "0.1.7",
        "@ruvector/rvf-node-darwin-x64": "0.1.7",
        "@ruvector/rvf-node-linux-arm64-gnu": "0.1.7",
        "@ruvector/rvf-node-linux-x64-gnu": "0.2.0",
        "@ruvector/rvf-node-win32-x64-msvc": "0.1.7"
      }
    },
    "node_modules/@ruvector/rvf-node-darwin-arm64": {
      "version": "0.1.7",
      "resolved": "https://registry.npmjs.org/@ruvector/rvf-node-darwin-arm64/-/rvf-node-darwin-arm64-0.1.7.tgz",
      "integrity": "sha512-vll3WJwDn3oOfy1PB10IG7/f3zBpFiMNHL2/2tdJmeRR8La/rSPJ0ZH5MDIsfleiVtaWzh9bvVCtVkZ6uo2jeg==",
      "cpu": [
        "arm64"
      ],
      "license": "MIT",
      "optional": true,
      "os": [
        "darwin"
      ]
    },
    "node_modules/@ruvector/rvf-node-darwin-x64": {
      "version": "0.1.7",
      "resolved": "https://registry.npmjs.org/@ruvector/rvf-node-darwin-x64/-/rvf-node-darwin-x64-0.1.7.tgz",
      "integrity": "sha512-Qi/l2bVuVz5YQ2RcYPYF0LNZVkytiIZHzvWhS71+Tt5GEIrsToauHQIcnJQmDNypvwxO8wYk+EeT2xcHR3ZSQQ==",
      "cpu": [
        "x64"
      ],
      "license": "MIT",
      "optional": true,
      "os": [
        "darwin"
      ]
    },
    "node_modules/@ruvector/rvf-node-linux-arm64-gnu": {
      "version": "0.1.7",
      "resolved": "https://registry.npmjs.org/@ruvector/rvf-node-linux-arm64-gnu/-/rvf-node-linux-arm64-gnu-0.1.7.tgz",
      "integrity": "sha512-oZwrtfs7XqRVaDP6iiw6G52l7+NdP3NbTwR2iM+EP8r8X4e1+p4opwV2Ig+lyT7wAz72wcyOpkzpu1MlbK4NKA==",
      "cpu": [
        "arm64"
      ],
      "license": "MIT",
      "optional": true,
      "os": [
        "linux"
      ]
    },
    "node_modules/@ruvector/rvf-node-linux-x64-gnu": {
      "version": "0.2.0",
      "resolved": "https://registry.npmjs.org/@ruvector/rvf-node-linux-x64-gnu/-/rvf-node-linux-x64-gnu-0.2.0.tgz",
      "integrity": "sha512-P1UaZaWoh6GAm+CUV2tOzKm+J0Z48PFO7OJ3BnPMh6rSFPMbnpdrjbV+WxacV8zsNeceE5iJxwLUYFK5q5YHkg==",
      "cpu": [
        "x64"
      ],
      "license": "MIT",
      "optional": true,
      "os": [
        "linux"
      ]
    },
    "node_modules/@ruvector/rvf-node-win32-x64-msvc": {
      "version": "0.1.7",
      "resolved": "https://registry.npmjs.org/@ruvector/rvf-node-win32-x64-msvc/-/rvf-node-win32-x64-msvc-0.1.7.tgz",
      "integrity": "sha512-sgnoNphOnbD4d3+YyQ83MlGO7sX4kbcDwsFNz7p2mlTaDR8coQXoudSaPrMeMpeUojFUqoxeDvVly/un3jADig==",
      "cpu": [
        "x64"
      ],
      "license": "MIT",
      "optional": true,
      "os": [
        "win32"
      ]
    },
    "node_modules/agenticow": {
      "version": "0.2.4",
      "resolved": "https://registry.npmjs.org/agenticow/-/agenticow-0.2.4.tgz",
      "integrity": "sha512-x7CqbLhivrHNYCN0mLCi5+xDWI1ycJJuMSGGZchmlu2J4RDLLDkRokzA2VM+OaocbCe6sb1mBgrGgP7rsmoCjQ==",
      "license": "MIT",
      "dependencies": {
        "@ruvector/rvf-node": "^0.2.0"
      },
      "bin": {
        "agenticow": "bin/agenticow.js"
      },
      "engines": {
        "node": ">=18"
      }
    }
  }
}
